
Microsoft Visual Studio Solution File, Format Version 12.00
# Visual Studio Version 17
Project("{8BC9CEB8-8B4A-11D0-8D11-00A0C91BC942}") = "ALL_BUILD", "ALL_BUILD.vcxproj", "{63E0BE81-1F08-30AA-A192-74A976F5D8D6}"
	ProjectSection(ProjectDependencies) = postProject
		{F1331BF0-ED3A-31BF-9046-BAD1DE795D4C} = {F1331BF0-ED3A-31BF-9046-BAD1DE795D4C}
		{CC6188FB-7B61-3427-BE1C-E1E1F9C57319} = {CC6188FB-7B61-3427-BE1C-E1E1F9C57319}
	EndProjectSection
EndProject
Project("{8BC9CEB8-8B4A-11D0-8D11-00A0C91BC942}") = "INSTALL", "INSTALL.vcxproj", "{1370B77D-A524-3C68-8A4E-D74905FC5802}"
	ProjectSection(ProjectDependencies) = postProject
		{63E0BE81-1F08-30AA-A192-74A976F5D8D6} = {63E0BE81-1F08-30AA-A192-74A976F5D8D6}
		{F1331BF0-ED3A-31BF-9046-BAD1DE795D4C} = {F1331BF0-ED3A-31BF-9046-BAD1DE795D4C}
	EndProjectSection
EndProject
Project("{8BC9CEB8-8B4A-11D0-8D11-00A0C91BC942}") = "OMP-SDK", "..\omp-sdk\OMP-SDK.vcxproj", "{F8EF214A-F1D5-392B-B54A-BECEB2F341F8}"
	ProjectSection(ProjectDependencies) = postProject
		{F1331BF0-ED3A-31BF-9046-BAD1DE795D4C} = {F1331BF0-ED3A-31BF-9046-BAD1DE795D4C}
	EndProjectSection
EndProject
Project("{8BC9CEB8-8B4A-11D0-8D11-00A0C91BC942}") = "ZERO_CHECK", "..\\ZERO_CHECK.vcxproj", "{F1331BF0-ED3A-31BF-9046-BAD1DE795D4C}"
	ProjectSection(ProjectDependencies) = postProject
	EndProjectSection
EndProject
Project("{8BC9CEB8-8B4A-11D0-8D11-00A0C91BC942}") = "omp-gdk", "omp-gdk.vcxproj", "{CC6188FB-7B61-3427-BE1C-E1E1F9C57319}"
	ProjectSection(ProjectDependencies) = postProject
		{F8EF214A-F1D5-392B-B54A-BECEB2F341F8} = {F8EF214A-F1D5-392B-B54A-BECEB2F341F8}
		{F1331BF0-ED3A-31BF-9046-BAD1DE795D4C} = {F1331BF0-ED3A-31BF-9046-BAD1DE795D4C}
	EndProjectSection
EndProject
Global
	GlobalSection(SolutionConfigurationPlatforms) = preSolution
		Debug|Win32 = Debug|Win32
		Release|Win32 = Release|Win32
		MinSizeRel|Win32 = MinSizeRel|Win32
		RelWithDebInfo|Win32 = RelWithDebInfo|Win32
	EndGlobalSection
	GlobalSection(ProjectConfigurationPlatforms) = postSolution
		{63E0BE81-1F08-30AA-A192-74A976F5D8D6}.Debug|Win32.ActiveCfg = Debug|Win32
		{63E0BE81-1F08-30AA-A192-74A976F5D8D6}.Debug|Win32.Build.0 = Debug|Win32
		{63E0BE81-1F08-30AA-A192-74A976F5D8D6}.Release|Win32.ActiveCfg = Release|Win32
		{63E0BE81-1F08-30AA-A192-74A976F5D8D6}.Release|Win32.Build.0 = Release|Win32
		{63E0BE81-1F08-30AA-A192-74A976F5D8D6}.MinSizeRel|Win32.ActiveCfg = MinSizeRel|Win32
		{63E0BE81-1F08-30AA-A192-74A976F5D8D6}.MinSizeRel|Win32.Build.0 = MinSizeRel|Win32
		{63E0BE81-1F08-30AA-A192-74A976F5D8D6}.RelWithDebInfo|Win32.ActiveCfg = RelWithDebInfo|Win32
		{63E0BE81-1F08-30AA-A192-74A976F5D8D6}.RelWithDebInfo|Win32.Build.0 = RelWithDebInfo|Win32
		{1370B77D-A524-3C68-8A4E-D74905FC5802}.Debug|Win32.ActiveCfg = Debug|Win32
		{1370B77D-A524-3C68-8A4E-D74905FC5802}.Release|Win32.ActiveCfg = Release|Win32
		{1370B77D-A524-3C68-8A4E-D74905FC5802}.MinSizeRel|Win32.ActiveCfg = MinSizeRel|Win32
		{1370B77D-A524-3C68-8A4E-D74905FC5802}.RelWithDebInfo|Win32.ActiveCfg = RelWithDebInfo|Win32
		{F8EF214A-F1D5-392B-B54A-BECEB2F341F8}.Debug|Win32.ActiveCfg = Debug|Win32
		{F8EF214A-F1D5-392B-B54A-BECEB2F341F8}.Debug|Win32.Build.0 = Debug|Win32
		{F8EF214A-F1D5-392B-B54A-BECEB2F341F8}.Release|Win32.ActiveCfg = Release|Win32
		{F8EF214A-F1D5-392B-B54A-BECEB2F341F8}.Release|Win32.Build.0 = Release|Win32
		{F8EF214A-F1D5-392B-B54A-BECEB2F341F8}.MinSizeRel|Win32.ActiveCfg = MinSizeRel|Win32
		{F8EF214A-F1D5-392B-B54A-BECEB2F341F8}.MinSizeRel|Win32.Build.0 = MinSizeRel|Win32
		{F8EF214A-F1D5-392B-B54A-BECEB2F341F8}.RelWithDebInfo|Win32.ActiveCfg = RelWithDebInfo|Win32
		{F8EF214A-F1D5-392B-B54A-BECEB2F341F8}.RelWithDebInfo|Win32.Build.0 = RelWithDebInfo|Win32
		{F1331BF0-ED3A-31BF-9046-BAD1DE795D4C}.Debug|Win32.ActiveCfg = Debug|Win32
		{F1331BF0-ED3A-31BF-9046-BAD1DE795D4C}.Debug|Win32.Build.0 = Debug|Win32
		{F1331BF0-ED3A-31BF-9046-BAD1DE795D4C}.Release|Win32.ActiveCfg = Release|Win32
		{F1331BF0-ED3A-31BF-9046-BAD1DE795D4C}.Release|Win32.Build.0 = Release|Win32
		{F1331BF0-ED3A-31BF-9046-BAD1DE795D4C}.MinSizeRel|Win32.ActiveCfg = MinSizeRel|Win32
		{F1331BF0-ED3A-31BF-9046-BAD1DE795D4C}.MinSizeRel|Win32.Build.0 = MinSizeRel|Win32
		{F1331BF0-ED3A-31BF-9046-BAD1DE795D4C}.RelWithDebInfo|Win32.ActiveCfg = RelWithDebInfo|Win32
		{F1331BF0-ED3A-31BF-9046-BAD1DE795D4C}.RelWithDebInfo|Win32.Build.0 = RelWithDebInfo|Win32
		{CC6188FB-7B61-3427-BE1C-E1E1F9C57319}.Debug|Win32.ActiveCfg = Debug|Win32
		{CC6188FB-7B61-3427-BE1C-E1E1F9C57319}.Debug|Win32.Build.0 = Debug|Win32
		{CC6188FB-7B61-3427-BE1C-E1E1F9C57319}.Release|Win32.ActiveCfg = Release|Win32
		{CC6188FB-7B61-3427-BE1C-E1E1F9C57319}.Release|Win32.Build.0 = Release|Win32
		{CC6188FB-7B61-3427-BE1C-E1E1F9C57319}.MinSizeRel|Win32.ActiveCfg = MinSizeRel|Win32
		{CC6188FB-7B61-3427-BE1C-E1E1F9C57319}.MinSizeRel|Win32.Build.0 = MinSizeRel|Win32
		{CC6188FB-7B61-3427-BE1C-E1E1F9C57319}.RelWithDebInfo|Win32.ActiveCfg = RelWithDebInfo|Win32
		{CC6188FB-7B61-3427-BE1C-E1E1F9C57319}.RelWithDebInfo|Win32.Build.0 = RelWithDebInfo|Win32
	EndGlobalSection
	GlobalSection(ExtensibilityGlobals) = postSolution
		SolutionGuid = {EDC5722B-8FEF-31EC-A212-949367290F2B}
	EndGlobalSection
	GlobalSection(ExtensibilityAddIns) = postSolution
	EndGlobalSection
EndGlobal
